Microsoft Visual Studio Solution File, Format Version 12.00
Project("{FAE04EC0-301F-11D3-BF4B-00C04F79EFBC}") = "ArturRios.UserManagement.Domain", "Core\ArturRios.UserManagement.Domain\ArturRios.UserManagement.Domain.csproj", "{3F3F483A-021A-4950-B821-758D66081ED0}"
EndProject
Project("{2150E333-8FDC-42A3-9474-1A3956D46DE8}") = "Common", "Common", "{38CD81D7-3B96-461C-A0A2-2187BAEF40BD}"
EndProject
Project("{FAE04EC0-301F-11D3-BF4B-00C04F79EFBC}") = "ArturRios.Common.Data", "..\common\src\ArturRios.Common.Data\ArturRios.Common.Data.csproj", "{02775870-CC31-4E8E-A491-C59D6323BEFC}"
EndProject
Project("{FAE04EC0-301F-11D3-BF4B-00C04F79EFBC}") = "ArturRios.Common.Extensions", "..\common\src\ArturRios.Common.Extensions\ArturRios.Common.Extensions.csproj", "{457EFB1D-A5CF-4982-BF99-EA9C972DD1A4}"
EndProject
Project("{FAE04EC0-301F-11D3-BF4B-00C04F79EFBC}") = "ArturRios.Common.Output", "..\common\src\ArturRios.Common.Output\ArturRios.Common.Output.csproj", "{B1D6A8E2-B5AA-4CF7-88A4-26D2D635ED38}"
EndProject
Project("{FAE04EC0-301F-11D3-BF4B-00C04F79EFBC}") = "ArturRios.Common.WebApi", "..\common\src\ArturRios.Common.WebApi\ArturRios.Common.WebApi.csproj", "{A73C37A8-30D7-495F-8EB0-EC21C593FE95}"
EndProject
Project("{2150E333-8FDC-42A3-9474-1A3956D46DE8}") = "Core", "Core", "{67152A6D-D1CE-495B-8A78-F638A4D791C2}"
EndProject
Project("{FAE04EC0-301F-11D3-BF4B-00C04F79EFBC}") = "ArturRios.UserManagement.Services", "Core\ArturRios.UserManagement.Services\ArturRios.UserManagement.Services.csproj", "{B33C430A-A930-473A-B1FD-36C45234E601}"
EndProject
Project("{2150E333-8FDC-42A3-9474-1A3956D46DE8}") = "Application", "Application", "{BD973C5A-84F6-4A05-8B05-0292FD017C37}"
EndProject
Project("{FAE04EC0-301F-11D3-BF4B-00C04F79EFBC}") = "ArturRios.UserManagement.WebApi", "Application\ArturRios.UserManagement.WebApi\ArturRios.UserManagement.WebApi.csproj", "{0CD5A3DF-675B-411B-BD9B-5B66BAB6A01B}"
EndProject
Project("{2150E333-8FDC-42A3-9474-1A3956D46DE8}") = "Infrastructure", "Infrastructure", "{879F5F95-443B-4E9D-B3AD-FA7F8921470F}"
EndProject
Project("{FAE04EC0-301F-11D3-BF4B-00C04F79EFBC}") = "ArturRios.UserManagement.Data", "Infrastructure\ArturRios.UserManagement.Data\ArturRios.UserManagement.Data.csproj", "{DA8A7D6E-9EA8-4A73-BBA9-30A0E90431E9}"
EndProject
Project("{FAE04EC0-301F-11D3-BF4B-00C04F79EFBC}") = "ArturRios.UserManagement.Dto", "Core\ArturRios.UserManagement.Dto\ArturRios.UserManagement.Dto.csproj", "{5589D764-17A3-41B6-A7AC-07FB8F3CF522}"
EndProject
Project("{2150E333-8FDC-42A3-9474-1A3956D46DE8}") = "Tests", "tests", "{846E19DD-DFDB-45C5-9079-73545D781C3D}"
EndProject
Project("{2150E333-8FDC-42A3-9474-1A3956D46DE8}") = "Core", "Core", "{1F2F5D48-9DB5-4C3E-BAFB-F467ED8BADA2}"
EndProject
Project("{FAE04EC0-301F-11D3-BF4B-00C04F79EFBC}") = "ArturRios.UserManagement.Domain.Tests", "..\tests\Core\ArturRios.UserManagement.Domain.Tests\ArturRios.UserManagement.Domain.Tests.csproj", "{7A1B9E88-4925-446A-BB11-BDA439E03EE9}"
EndProject
Project("{FAE04EC0-301F-11D3-BF4B-00C04F79EFBC}") = "ArturRios.Common.Test", "..\common\src\ArturRios.Common.Test\ArturRios.Common.Test.csproj", "{97FD220C-96E9-45A6-AA52-41A961F85362}"
EndProject
Project("{FAE04EC0-301F-11D3-BF4B-00C04F79EFBC}") = "ArturRios.UserManagement.Services.Tests", "..\tests\Core\ArturRios.UserManagement.Services.Tests\ArturRios.UserManagement.Services.Tests.csproj", "{9A71A16A-F627-4251-83C6-A8185493673E}"
EndProject
Project("{2150E333-8FDC-42A3-9474-1A3956D46DE8}") = "Setup", "Setup", "{C1262FBB-7DCB-422A-BB92-013CEBA9FCD1}"
EndProject
Project("{FAE04EC0-301F-11D3-BF4B-00C04F79EFBC}") = "ArturRios.UserManagement.Test.Mock", "..\tests\Setup\ArturRios.UserManagement.Test.Mock\ArturRios.UserManagement.Test.Mock.csproj", "{A25B2ADE-5022-4090-9A82-867AD7D6DEF9}"
EndProject
Project("{2150E333-8FDC-42A3-9474-1A3956D46DE8}") = "Application", "Application", "{54F0AB5D-B1B7-4AA1-B3F5-52244E1CE4C6}"
EndProject
Project("{FAE04EC0-301F-11D3-BF4B-00C04F79EFBC}") = "ArturRios.UserManagement.WebApi.Tests", "..\tests\Application\ArturRios.UserManagement.WebApi.Tests\ArturRios.UserManagement.WebApi.Tests.csproj", "{16CCAC7D-F621-47BC-8E81-7A1DA26123A9}"
EndProject
Project("{FAE04EC0-301F-11D3-BF4B-00C04F79EFBC}") = "ArturRios.Common.Util", "..\common\src\ArturRios.Common.Util\ArturRios.Common.Util.csproj", "{4B659D0D-25E5-4AA2-B4E4-6A0CEE4D56BF}"
EndProject
Project("{FAE04EC0-301F-11D3-BF4B-00C04F79EFBC}") = "ArturRios.Common.Security", "..\common\src\ArturRios.Common.Security\ArturRios.Common.Security.csproj", "{0FC1C5DB-19D3-48FB-8828-534E4DDCC108}"
EndProject
Project("{FAE04EC0-301F-11D3-BF4B-00C04F79EFBC}") = "ArturRios.Common.Environment", "..\common\src\ArturRios.Common.Environment\ArturRios.Common.Environment.csproj", "{2469B6DC-AB41-4A06-8888-A7303E9E4C84}"
EndProject
Project("{FAE04EC0-301F-11D3-BF4B-00C04F79EFBC}") = "ArturRios.UserManagement.Test.Fixture", "..\tests\Setup\ArturRios.UserManagement.Test.Fixture\ArturRios.UserManagement.Test.Fixture.csproj", "{CC2BA699-1BB3-4BDD-9E98-3187EDBA64D9}"
EndProject
Project("{FAE04EC0-301F-11D3-BF4B-00C04F79EFBC}") = "ArturRios.Common.Validation", "..\common\src\ArturRios.Common.Validation\ArturRios.Common.Validation.csproj", "{09AF71C8-A785-49BA-B67B-03A2D8429A59}"
EndProject
Global
	GlobalSection(SolutionConfigurationPlatforms) = preSolution
		Debug|Any CPU = Debug|Any CPU
		Release|Any CPU = Release|Any CPU
	EndGlobalSection
	GlobalSection(ProjectConfigurationPlatforms) = postSolution
		{3F3F483A-021A-4950-B821-758D66081ED0}.Debug|Any CPU.ActiveCfg = Debug|Any CPU
		{3F3F483A-021A-4950-B821-758D66081ED0}.Debug|Any CPU.Build.0 = Debug|Any CPU
		{3F3F483A-021A-4950-B821-758D66081ED0}.Release|Any CPU.ActiveCfg = Release|Any CPU
		{3F3F483A-021A-4950-B821-758D66081ED0}.Release|Any CPU.Build.0 = Release|Any CPU
		{02775870-CC31-4E8E-A491-C59D6323BEFC}.Debug|Any CPU.ActiveCfg = Debug|Any CPU
		{02775870-CC31-4E8E-A491-C59D6323BEFC}.Debug|Any CPU.Build.0 = Debug|Any CPU
		{02775870-CC31-4E8E-A491-C59D6323BEFC}.Release|Any CPU.ActiveCfg = Release|Any CPU
		{02775870-CC31-4E8E-A491-C59D6323BEFC}.Release|Any CPU.Build.0 = Release|Any CPU
		{457EFB1D-A5CF-4982-BF99-EA9C972DD1A4}.Debug|Any CPU.ActiveCfg = Debug|Any CPU
		{457EFB1D-A5CF-4982-BF99-EA9C972DD1A4}.Debug|Any CPU.Build.0 = Debug|Any CPU
		{457EFB1D-A5CF-4982-BF99-EA9C972DD1A4}.Release|Any CPU.ActiveCfg = Release|Any CPU
		{457EFB1D-A5CF-4982-BF99-EA9C972DD1A4}.Release|Any CPU.Build.0 = Release|Any CPU
		{B1D6A8E2-B5AA-4CF7-88A4-26D2D635ED38}.Debug|Any CPU.ActiveCfg = Debug|Any CPU
		{B1D6A8E2-B5AA-4CF7-88A4-26D2D635ED38}.Debug|Any CPU.Build.0 = Debug|Any CPU
		{B1D6A8E2-B5AA-4CF7-88A4-26D2D635ED38}.Release|Any CPU.ActiveCfg = Release|Any CPU
		{B1D6A8E2-B5AA-4CF7-88A4-26D2D635ED38}.Release|Any CPU.Build.0 = Release|Any CPU
		{8C757C05-11E7-44EA-8ECD-C00D24E23CA0}.Debug|Any CPU.ActiveCfg = Debug|Any CPU
		{8C757C05-11E7-44EA-8ECD-C00D24E23CA0}.Debug|Any CPU.Build.0 = Debug|Any CPU
		{8C757C05-11E7-44EA-8ECD-C00D24E23CA0}.Release|Any CPU.ActiveCfg = Release|Any CPU
		{8C757C05-11E7-44EA-8ECD-C00D24E23CA0}.Release|Any CPU.Build.0 = Release|Any CPU
		{A73C37A8-30D7-495F-8EB0-EC21C593FE95}.Debug|Any CPU.ActiveCfg = Debug|Any CPU
		{A73C37A8-30D7-495F-8EB0-EC21C593FE95}.Debug|Any CPU.Build.0 = Debug|Any CPU
		{A73C37A8-30D7-495F-8EB0-EC21C593FE95}.Release|Any CPU.ActiveCfg = Release|Any CPU
		{A73C37A8-30D7-495F-8EB0-EC21C593FE95}.Release|Any CPU.Build.0 = Release|Any CPU
		{B33C430A-A930-473A-B1FD-36C45234E601}.Debug|Any CPU.ActiveCfg = Debug|Any CPU
		{B33C430A-A930-473A-B1FD-36C45234E601}.Debug|Any CPU.Build.0 = Debug|Any CPU
		{B33C430A-A930-473A-B1FD-36C45234E601}.Release|Any CPU.ActiveCfg = Release|Any CPU
		{B33C430A-A930-473A-B1FD-36C45234E601}.Release|Any CPU.Build.0 = Release|Any CPU
		{0CD5A3DF-675B-411B-BD9B-5B66BAB6A01B}.Debug|Any CPU.ActiveCfg = Debug|Any CPU
		{0CD5A3DF-675B-411B-BD9B-5B66BAB6A01B}.Debug|Any CPU.Build.0 = Debug|Any CPU
		{0CD5A3DF-675B-411B-BD9B-5B66BAB6A01B}.Release|Any CPU.ActiveCfg = Release|Any CPU
		{0CD5A3DF-675B-411B-BD9B-5B66BAB6A01B}.Release|Any CPU.Build.0 = Release|Any CPU
		{DA8A7D6E-9EA8-4A73-BBA9-30A0E90431E9}.Debug|Any CPU.ActiveCfg = Debug|Any CPU
		{DA8A7D6E-9EA8-4A73-BBA9-30A0E90431E9}.Debug|Any CPU.Build.0 = Debug|Any CPU
		{DA8A7D6E-9EA8-4A73-BBA9-30A0E90431E9}.Release|Any CPU.ActiveCfg = Release|Any CPU
		{DA8A7D6E-9EA8-4A73-BBA9-30A0E90431E9}.Release|Any CPU.Build.0 = Release|Any CPU
		{5589D764-17A3-41B6-A7AC-07FB8F3CF522}.Debug|Any CPU.ActiveCfg = Debug|Any CPU
		{5589D764-17A3-41B6-A7AC-07FB8F3CF522}.Debug|Any CPU.Build.0 = Debug|Any CPU
		{5589D764-17A3-41B6-A7AC-07FB8F3CF522}.Release|Any CPU.ActiveCfg = Release|Any CPU
		{5589D764-17A3-41B6-A7AC-07FB8F3CF522}.Release|Any CPU.Build.0 = Release|Any CPU
		{7A1B9E88-4925-446A-BB11-BDA439E03EE9}.Debug|Any CPU.ActiveCfg = Debug|Any CPU
		{7A1B9E88-4925-446A-BB11-BDA439E03EE9}.Debug|Any CPU.Build.0 = Debug|Any CPU
		{7A1B9E88-4925-446A-BB11-BDA439E03EE9}.Release|Any CPU.ActiveCfg = Release|Any CPU
		{7A1B9E88-4925-446A-BB11-BDA439E03EE9}.Release|Any CPU.Build.0 = Release|Any CPU
		{97FD220C-96E9-45A6-AA52-41A961F85362}.Debug|Any CPU.ActiveCfg = Debug|Any CPU
		{97FD220C-96E9-45A6-AA52-41A961F85362}.Debug|Any CPU.Build.0 = Debug|Any CPU
		{97FD220C-96E9-45A6-AA52-41A961F85362}.Release|Any CPU.ActiveCfg = Release|Any CPU
		{97FD220C-96E9-45A6-AA52-41A961F85362}.Release|Any CPU.Build.0 = Release|Any CPU
		{9A71A16A-F627-4251-83C6-A8185493673E}.Debug|Any CPU.ActiveCfg = Debug|Any CPU
		{9A71A16A-F627-4251-83C6-A8185493673E}.Debug|Any CPU.Build.0 = Debug|Any CPU
		{9A71A16A-F627-4251-83C6-A8185493673E}.Release|Any CPU.ActiveCfg = Release|Any CPU
		{9A71A16A-F627-4251-83C6-A8185493673E}.Release|Any CPU.Build.0 = Release|Any CPU
		{A25B2ADE-5022-4090-9A82-867AD7D6DEF9}.Debug|Any CPU.ActiveCfg = Debug|Any CPU
		{A25B2ADE-5022-4090-9A82-867AD7D6DEF9}.Debug|Any CPU.Build.0 = Debug|Any CPU
		{A25B2ADE-5022-4090-9A82-867AD7D6DEF9}.Release|Any CPU.ActiveCfg = Release|Any CPU
		{A25B2ADE-5022-4090-9A82-867AD7D6DEF9}.Release|Any CPU.Build.0 = Release|Any CPU
		{16CCAC7D-F621-47BC-8E81-7A1DA26123A9}.Debug|Any CPU.ActiveCfg = Debug|Any CPU
		{16CCAC7D-F621-47BC-8E81-7A1DA26123A9}.Debug|Any CPU.Build.0 = Debug|Any CPU
		{16CCAC7D-F621-47BC-8E81-7A1DA26123A9}.Release|Any CPU.ActiveCfg = Release|Any CPU
		{16CCAC7D-F621-47BC-8E81-7A1DA26123A9}.Release|Any CPU.Build.0 = Release|Any CPU
		{4B659D0D-25E5-4AA2-B4E4-6A0CEE4D56BF}.Debug|Any CPU.ActiveCfg = Debug|Any CPU
		{4B659D0D-25E5-4AA2-B4E4-6A0CEE4D56BF}.Debug|Any CPU.Build.0 = Debug|Any CPU
		{4B659D0D-25E5-4AA2-B4E4-6A0CEE4D56BF}.Release|Any CPU.ActiveCfg = Release|Any CPU
		{4B659D0D-25E5-4AA2-B4E4-6A0CEE4D56BF}.Release|Any CPU.Build.0 = Release|Any CPU
		{0FC1C5DB-19D3-48FB-8828-534E4DDCC108}.Debug|Any CPU.ActiveCfg = Debug|Any CPU
		{0FC1C5DB-19D3-48FB-8828-534E4DDCC108}.Debug|Any CPU.Build.0 = Debug|Any CPU
		{0FC1C5DB-19D3-48FB-8828-534E4DDCC108}.Release|Any CPU.ActiveCfg = Release|Any CPU
		{0FC1C5DB-19D3-48FB-8828-534E4DDCC108}.Release|Any CPU.Build.0 = Release|Any CPU
		{2469B6DC-AB41-4A06-8888-A7303E9E4C84}.Debug|Any CPU.ActiveCfg = Debug|Any CPU
		{2469B6DC-AB41-4A06-8888-A7303E9E4C84}.Debug|Any CPU.Build.0 = Debug|Any CPU
		{2469B6DC-AB41-4A06-8888-A7303E9E4C84}.Release|Any CPU.ActiveCfg = Release|Any CPU
		{2469B6DC-AB41-4A06-8888-A7303E9E4C84}.Release|Any CPU.Build.0 = Release|Any CPU
		{CC2BA699-1BB3-4BDD-9E98-3187EDBA64D9}.Debug|Any CPU.ActiveCfg = Debug|Any CPU
		{CC2BA699-1BB3-4BDD-9E98-3187EDBA64D9}.Debug|Any CPU.Build.0 = Debug|Any CPU
		{CC2BA699-1BB3-4BDD-9E98-3187EDBA64D9}.Release|Any CPU.ActiveCfg = Release|Any CPU
		{CC2BA699-1BB3-4BDD-9E98-3187EDBA64D9}.Release|Any CPU.Build.0 = Release|Any CPU
		{09AF71C8-A785-49BA-B67B-03A2D8429A59}.Debug|Any CPU.ActiveCfg = Debug|Any CPU
		{09AF71C8-A785-49BA-B67B-03A2D8429A59}.Debug|Any CPU.Build.0 = Debug|Any CPU
		{09AF71C8-A785-49BA-B67B-03A2D8429A59}.Release|Any CPU.ActiveCfg = Release|Any CPU
		{09AF71C8-A785-49BA-B67B-03A2D8429A59}.Release|Any CPU.Build.0 = Release|Any CPU
	EndGlobalSection
	GlobalSection(NestedProjects) = preSolution
		{02775870-CC31-4E8E-A491-C59D6323BEFC} = {38CD81D7-3B96-461C-A0A2-2187BAEF40BD}
		{457EFB1D-A5CF-4982-BF99-EA9C972DD1A4} = {38CD81D7-3B96-461C-A0A2-2187BAEF40BD}
		{B1D6A8E2-B5AA-4CF7-88A4-26D2D635ED38} = {38CD81D7-3B96-461C-A0A2-2187BAEF40BD}
		{8C757C05-11E7-44EA-8ECD-C00D24E23CA0} = {38CD81D7-3B96-461C-A0A2-2187BAEF40BD}
		{A73C37A8-30D7-495F-8EB0-EC21C593FE95} = {38CD81D7-3B96-461C-A0A2-2187BAEF40BD}
		{3F3F483A-021A-4950-B821-758D66081ED0} = {67152A6D-D1CE-495B-8A78-F638A4D791C2}
		{B33C430A-A930-473A-B1FD-36C45234E601} = {67152A6D-D1CE-495B-8A78-F638A4D791C2}
		{0CD5A3DF-675B-411B-BD9B-5B66BAB6A01B} = {BD973C5A-84F6-4A05-8B05-0292FD017C37}
		{DA8A7D6E-9EA8-4A73-BBA9-30A0E90431E9} = {879F5F95-443B-4E9D-B3AD-FA7F8921470F}
		{5589D764-17A3-41B6-A7AC-07FB8F3CF522} = {67152A6D-D1CE-495B-8A78-F638A4D791C2}
		{1F2F5D48-9DB5-4C3E-BAFB-F467ED8BADA2} = {846E19DD-DFDB-45C5-9079-73545D781C3D}
		{7A1B9E88-4925-446A-BB11-BDA439E03EE9} = {1F2F5D48-9DB5-4C3E-BAFB-F467ED8BADA2}
		{97FD220C-96E9-45A6-AA52-41A961F85362} = {38CD81D7-3B96-461C-A0A2-2187BAEF40BD}
		{9A71A16A-F627-4251-83C6-A8185493673E} = {1F2F5D48-9DB5-4C3E-BAFB-F467ED8BADA2}
		{C1262FBB-7DCB-422A-BB92-013CEBA9FCD1} = {846E19DD-DFDB-45C5-9079-73545D781C3D}
		{A25B2ADE-5022-4090-9A82-867AD7D6DEF9} = {C1262FBB-7DCB-422A-BB92-013CEBA9FCD1}
		{54F0AB5D-B1B7-4AA1-B3F5-52244E1CE4C6} = {846E19DD-DFDB-45C5-9079-73545D781C3D}
		{16CCAC7D-F621-47BC-8E81-7A1DA26123A9} = {54F0AB5D-B1B7-4AA1-B3F5-52244E1CE4C6}
		{4B659D0D-25E5-4AA2-B4E4-6A0CEE4D56BF} = {38CD81D7-3B96-461C-A0A2-2187BAEF40BD}
		{0FC1C5DB-19D3-48FB-8828-534E4DDCC108} = {38CD81D7-3B96-461C-A0A2-2187BAEF40BD}
		{2469B6DC-AB41-4A06-8888-A7303E9E4C84} = {38CD81D7-3B96-461C-A0A2-2187BAEF40BD}
		{CC2BA699-1BB3-4BDD-9E98-3187EDBA64D9} = {C1262FBB-7DCB-422A-BB92-013CEBA9FCD1}
		{09AF71C8-A785-49BA-B67B-03A2D8429A59} = {38CD81D7-3B96-461C-A0A2-2187BAEF40BD}
	EndGlobalSection
EndGlobal
