Microsoft Visual Studio Solution File, Format Version 12.00
Project("{FAE04EC0-301F-11D3-BF4B-00C04F79EFBC}") = "TechCraftsmen.Management.User.Domain", "Core\TechCraftsmen.Management.User.Domain\TechCraftsmen.Management.User.Domain.csproj", "{3F3F483A-021A-4950-B821-758D66081ED0}"
EndProject
Project("{2150E333-8FDC-42A3-9474-1A3956D46DE8}") = "Common", "Common", "{38CD81D7-3B96-461C-A0A2-2187BAEF40BD}"
EndProject
Project("{FAE04EC0-301F-11D3-BF4B-00C04F79EFBC}") = "TechCraftsmen.Core.Data", "..\core\src\TechCraftsmen.Core.Data\TechCraftsmen.Core.Data.csproj", "{02775870-CC31-4E8E-A491-C59D6323BEFC}"
EndProject
Project("{FAE04EC0-301F-11D3-BF4B-00C04F79EFBC}") = "TechCraftsmen.Core.Extensions", "..\core\src\TechCraftsmen.Core.Extensions\TechCraftsmen.Core.Extensions.csproj", "{457EFB1D-A5CF-4982-BF99-EA9C972DD1A4}"
EndProject
Project("{FAE04EC0-301F-11D3-BF4B-00C04F79EFBC}") = "TechCraftsmen.Core.Output", "..\core\src\TechCraftsmen.Core.Output\TechCraftsmen.Core.Output.csproj", "{B1D6A8E2-B5AA-4CF7-88A4-26D2D635ED38}"
EndProject
Project("{FAE04EC0-301F-11D3-BF4B-00C04F79EFBC}") = "TechCraftsmen.Core.Validation", "..\core\src\TechCraftsmen.Core.Validation\TechCraftsmen.Core.Validation.csproj", "{8C757C05-11E7-44EA-8ECD-C00D24E23CA0}"
EndProject
Project("{FAE04EC0-301F-11D3-BF4B-00C04F79EFBC}") = "TechCraftsmen.Core.WebApi", "..\core\src\TechCraftsmen.Core.WebApi\TechCraftsmen.Core.WebApi.csproj", "{A73C37A8-30D7-495F-8EB0-EC21C593FE95}"
EndProject
Project("{2150E333-8FDC-42A3-9474-1A3956D46DE8}") = "Core", "Core", "{67152A6D-D1CE-495B-8A78-F638A4D791C2}"
EndProject
Project("{FAE04EC0-301F-11D3-BF4B-00C04F79EFBC}") = "TechCraftsmen.Management.User.Services", "Core\TechCraftsmen.Management.User.Services\TechCraftsmen.Management.User.Services.csproj", "{B33C430A-A930-473A-B1FD-36C45234E601}"
EndProject
Project("{2150E333-8FDC-42A3-9474-1A3956D46DE8}") = "Application", "Application", "{BD973C5A-84F6-4A05-8B05-0292FD017C37}"
EndProject
Project("{FAE04EC0-301F-11D3-BF4B-00C04F79EFBC}") = "TechCraftsmen.Management.User.WebApi", "Application\TechCraftsmen.Management.User.WebApi\TechCraftsmen.Management.User.WebApi.csproj", "{0CD5A3DF-675B-411B-BD9B-5B66BAB6A01B}"
EndProject
Project("{2150E333-8FDC-42A3-9474-1A3956D46DE8}") = "Infrastructure", "Infrastructure", "{879F5F95-443B-4E9D-B3AD-FA7F8921470F}"
EndProject
Project("{FAE04EC0-301F-11D3-BF4B-00C04F79EFBC}") = "TechCraftsmen.Management.User.Data", "Infrastructure\TechCraftsmen.Management.User.Data\TechCraftsmen.Management.User.Data.csproj", "{DA8A7D6E-9EA8-4A73-BBA9-30A0E90431E9}"
EndProject
Project("{FAE04EC0-301F-11D3-BF4B-00C04F79EFBC}") = "TechCraftsmen.Management.User.Dto", "Core\TechCraftsmen.Management.User.Dto\TechCraftsmen.Management.User.Dto.csproj", "{5589D764-17A3-41B6-A7AC-07FB8F3CF522}"
EndProject
Global
	GlobalSection(SolutionConfigurationPlatforms) = preSolution
		Debug|Any CPU = Debug|Any CPU
		Release|Any CPU = Release|Any CPU
	EndGlobalSection
	GlobalSection(ProjectConfigurationPlatforms) = postSolution
		{3F3F483A-021A-4950-B821-758D66081ED0}.Debug|Any CPU.ActiveCfg = Debug|Any CPU
		{3F3F483A-021A-4950-B821-758D66081ED0}.Debug|Any CPU.Build.0 = Debug|Any CPU
		{3F3F483A-021A-4950-B821-758D66081ED0}.Release|Any CPU.ActiveCfg = Release|Any CPU
		{3F3F483A-021A-4950-B821-758D66081ED0}.Release|Any CPU.Build.0 = Release|Any CPU
		{02775870-CC31-4E8E-A491-C59D6323BEFC}.Debug|Any CPU.ActiveCfg = Debug|Any CPU
		{02775870-CC31-4E8E-A491-C59D6323BEFC}.Debug|Any CPU.Build.0 = Debug|Any CPU
		{02775870-CC31-4E8E-A491-C59D6323BEFC}.Release|Any CPU.ActiveCfg = Release|Any CPU
		{02775870-CC31-4E8E-A491-C59D6323BEFC}.Release|Any CPU.Build.0 = Release|Any CPU
		{457EFB1D-A5CF-4982-BF99-EA9C972DD1A4}.Debug|Any CPU.ActiveCfg = Debug|Any CPU
		{457EFB1D-A5CF-4982-BF99-EA9C972DD1A4}.Debug|Any CPU.Build.0 = Debug|Any CPU
		{457EFB1D-A5CF-4982-BF99-EA9C972DD1A4}.Release|Any CPU.ActiveCfg = Release|Any CPU
		{457EFB1D-A5CF-4982-BF99-EA9C972DD1A4}.Release|Any CPU.Build.0 = Release|Any CPU
		{B1D6A8E2-B5AA-4CF7-88A4-26D2D635ED38}.Debug|Any CPU.ActiveCfg = Debug|Any CPU
		{B1D6A8E2-B5AA-4CF7-88A4-26D2D635ED38}.Debug|Any CPU.Build.0 = Debug|Any CPU
		{B1D6A8E2-B5AA-4CF7-88A4-26D2D635ED38}.Release|Any CPU.ActiveCfg = Release|Any CPU
		{B1D6A8E2-B5AA-4CF7-88A4-26D2D635ED38}.Release|Any CPU.Build.0 = Release|Any CPU
		{8C757C05-11E7-44EA-8ECD-C00D24E23CA0}.Debug|Any CPU.ActiveCfg = Debug|Any CPU
		{8C757C05-11E7-44EA-8ECD-C00D24E23CA0}.Debug|Any CPU.Build.0 = Debug|Any CPU
		{8C757C05-11E7-44EA-8ECD-C00D24E23CA0}.Release|Any CPU.ActiveCfg = Release|Any CPU
		{8C757C05-11E7-44EA-8ECD-C00D24E23CA0}.Release|Any CPU.Build.0 = Release|Any CPU
		{A73C37A8-30D7-495F-8EB0-EC21C593FE95}.Debug|Any CPU.ActiveCfg = Debug|Any CPU
		{A73C37A8-30D7-495F-8EB0-EC21C593FE95}.Debug|Any CPU.Build.0 = Debug|Any CPU
		{A73C37A8-30D7-495F-8EB0-EC21C593FE95}.Release|Any CPU.ActiveCfg = Release|Any CPU
		{A73C37A8-30D7-495F-8EB0-EC21C593FE95}.Release|Any CPU.Build.0 = Release|Any CPU
		{B33C430A-A930-473A-B1FD-36C45234E601}.Debug|Any CPU.ActiveCfg = Debug|Any CPU
		{B33C430A-A930-473A-B1FD-36C45234E601}.Debug|Any CPU.Build.0 = Debug|Any CPU
		{B33C430A-A930-473A-B1FD-36C45234E601}.Release|Any CPU.ActiveCfg = Release|Any CPU
		{B33C430A-A930-473A-B1FD-36C45234E601}.Release|Any CPU.Build.0 = Release|Any CPU
		{0CD5A3DF-675B-411B-BD9B-5B66BAB6A01B}.Debug|Any CPU.ActiveCfg = Debug|Any CPU
		{0CD5A3DF-675B-411B-BD9B-5B66BAB6A01B}.Debug|Any CPU.Build.0 = Debug|Any CPU
		{0CD5A3DF-675B-411B-BD9B-5B66BAB6A01B}.Release|Any CPU.ActiveCfg = Release|Any CPU
		{0CD5A3DF-675B-411B-BD9B-5B66BAB6A01B}.Release|Any CPU.Build.0 = Release|Any CPU
		{DA8A7D6E-9EA8-4A73-BBA9-30A0E90431E9}.Debug|Any CPU.ActiveCfg = Debug|Any CPU
		{DA8A7D6E-9EA8-4A73-BBA9-30A0E90431E9}.Debug|Any CPU.Build.0 = Debug|Any CPU
		{DA8A7D6E-9EA8-4A73-BBA9-30A0E90431E9}.Release|Any CPU.ActiveCfg = Release|Any CPU
		{DA8A7D6E-9EA8-4A73-BBA9-30A0E90431E9}.Release|Any CPU.Build.0 = Release|Any CPU
		{5589D764-17A3-41B6-A7AC-07FB8F3CF522}.Debug|Any CPU.ActiveCfg = Debug|Any CPU
		{5589D764-17A3-41B6-A7AC-07FB8F3CF522}.Debug|Any CPU.Build.0 = Debug|Any CPU
		{5589D764-17A3-41B6-A7AC-07FB8F3CF522}.Release|Any CPU.ActiveCfg = Release|Any CPU
		{5589D764-17A3-41B6-A7AC-07FB8F3CF522}.Release|Any CPU.Build.0 = Release|Any CPU
	EndGlobalSection
	GlobalSection(NestedProjects) = preSolution
		{02775870-CC31-4E8E-A491-C59D6323BEFC} = {38CD81D7-3B96-461C-A0A2-2187BAEF40BD}
		{457EFB1D-A5CF-4982-BF99-EA9C972DD1A4} = {38CD81D7-3B96-461C-A0A2-2187BAEF40BD}
		{B1D6A8E2-B5AA-4CF7-88A4-26D2D635ED38} = {38CD81D7-3B96-461C-A0A2-2187BAEF40BD}
		{8C757C05-11E7-44EA-8ECD-C00D24E23CA0} = {38CD81D7-3B96-461C-A0A2-2187BAEF40BD}
		{A73C37A8-30D7-495F-8EB0-EC21C593FE95} = {38CD81D7-3B96-461C-A0A2-2187BAEF40BD}
		{3F3F483A-021A-4950-B821-758D66081ED0} = {67152A6D-D1CE-495B-8A78-F638A4D791C2}
		{B33C430A-A930-473A-B1FD-36C45234E601} = {67152A6D-D1CE-495B-8A78-F638A4D791C2}
		{0CD5A3DF-675B-411B-BD9B-5B66BAB6A01B} = {BD973C5A-84F6-4A05-8B05-0292FD017C37}
		{DA8A7D6E-9EA8-4A73-BBA9-30A0E90431E9} = {879F5F95-443B-4E9D-B3AD-FA7F8921470F}
		{5589D764-17A3-41B6-A7AC-07FB8F3CF522} = {67152A6D-D1CE-495B-8A78-F638A4D791C2}
	EndGlobalSection
EndGlobal
